
Microsoft Visual Studio Solution File, Format Version 12.00
# Visual Studio Version 17
VisualStudioVersion = 17.0.31903.59
MinimumVisualStudioVersion = 10.0.40219.1
Project("{FAE04EC0-301F-11D3-BF4B-00C04F79EFBC}") = "SteelkiltSharp", "Steelkilt\SteelkiltSharp.csproj", "{29A866C7-9E26-F970-2AB8-4F98781DC5A1}"
EndProject
Project("{FAE04EC0-301F-11D3-BF4B-00C04F79EFBC}") = "SteelkiltSharp.Examples.Cli", "Examples.Cli\SteelkiltSharp.Examples.Cli.csproj", "{114A8719-67C7-1413-7245-217B84DCCEDD}"
EndProject
Project("{FAE04EC0-301F-11D3-BF4B-00C04F79EFBC}") = "SteelkiltSharp.Tests", "Tests\SteelkiltSharp.Tests.csproj", "{A579FCF9-FAB8-5950-5ADE-87032CEFBF77}"
EndProject
Project("{FAE04EC0-301F-11D3-BF4B-00C04F79EFBC}") = "SteelkiltSharp.Examples", "SteelkiltSharp.Examples\SteelkiltSharp.Examples.csproj", "{C5C4955E-3E03-38F2-71E8-795ABFF5EF78}"
EndProject
Project("{2150E333-8FDC-42A3-9474-1A3956D46DE8}") = "Examples", "Examples", "{02EA681E-C7D8-13C7-8484-4AC65E1B71E8}"
EndProject
Project("{2150E333-8FDC-42A3-9474-1A3956D46DE8}") = "Tests", "Tests", "{B35E7C25-961B-48E6-8368-5C78F4EC80F3}"
EndProject
Project("{FAE04EC0-301F-11D3-BF4B-00C04F79EFBC}") = "Steelkilt.Examples.CliSim", "Steelkilt.Examples.CliSim\Steelkilt.Examples.CliSim.csproj", "{B6379C18-2895-410B-B320-196BF2964EFC}"
EndProject
Global
	GlobalSection(SolutionConfigurationPlatforms) = preSolution
		Debug|Any CPU = Debug|Any CPU
		Release|Any CPU = Release|Any CPU
	EndGlobalSection
	GlobalSection(ProjectConfigurationPlatforms) = postSolution
		{29A866C7-9E26-F970-2AB8-4F98781DC5A1}.Debug|Any CPU.ActiveCfg = Debug|Any CPU
		{29A866C7-9E26-F970-2AB8-4F98781DC5A1}.Debug|Any CPU.Build.0 = Debug|Any CPU
		{29A866C7-9E26-F970-2AB8-4F98781DC5A1}.Release|Any CPU.ActiveCfg = Release|Any CPU
		{29A866C7-9E26-F970-2AB8-4F98781DC5A1}.Release|Any CPU.Build.0 = Release|Any CPU
		{114A8719-67C7-1413-7245-217B84DCCEDD}.Debug|Any CPU.ActiveCfg = Debug|Any CPU
		{114A8719-67C7-1413-7245-217B84DCCEDD}.Debug|Any CPU.Build.0 = Debug|Any CPU
		{114A8719-67C7-1413-7245-217B84DCCEDD}.Release|Any CPU.ActiveCfg = Release|Any CPU
		{114A8719-67C7-1413-7245-217B84DCCEDD}.Release|Any CPU.Build.0 = Release|Any CPU
		{A579FCF9-FAB8-5950-5ADE-87032CEFBF77}.Debug|Any CPU.ActiveCfg = Debug|Any CPU
		{A579FCF9-FAB8-5950-5ADE-87032CEFBF77}.Debug|Any CPU.Build.0 = Debug|Any CPU
		{A579FCF9-FAB8-5950-5ADE-87032CEFBF77}.Release|Any CPU.ActiveCfg = Release|Any CPU
		{A579FCF9-FAB8-5950-5ADE-87032CEFBF77}.Release|Any CPU.Build.0 = Release|Any CPU
		{C5C4955E-3E03-38F2-71E8-795ABFF5EF78}.Debug|Any CPU.ActiveCfg = Debug|Any CPU
		{C5C4955E-3E03-38F2-71E8-795ABFF5EF78}.Debug|Any CPU.Build.0 = Debug|Any CPU
		{C5C4955E-3E03-38F2-71E8-795ABFF5EF78}.Release|Any CPU.ActiveCfg = Release|Any CPU
		{C5C4955E-3E03-38F2-71E8-795ABFF5EF78}.Release|Any CPU.Build.0 = Release|Any CPU
		{B6379C18-2895-410B-B320-196BF2964EFC}.Debug|Any CPU.ActiveCfg = Debug|Any CPU
		{B6379C18-2895-410B-B320-196BF2964EFC}.Debug|Any CPU.Build.0 = Debug|Any CPU
		{B6379C18-2895-410B-B320-196BF2964EFC}.Release|Any CPU.ActiveCfg = Release|Any CPU
		{B6379C18-2895-410B-B320-196BF2964EFC}.Release|Any CPU.Build.0 = Release|Any CPU
	EndGlobalSection
	GlobalSection(SolutionProperties) = preSolution
		HideSolutionNode = FALSE
	EndGlobalSection
	GlobalSection(NestedProjects) = preSolution
		{114A8719-67C7-1413-7245-217B84DCCEDD} = {02EA681E-C7D8-13C7-8484-4AC65E1B71E8}
		{A579FCF9-FAB8-5950-5ADE-87032CEFBF77} = {B35E7C25-961B-48E6-8368-5C78F4EC80F3}
		{C5C4955E-3E03-38F2-71E8-795ABFF5EF78} = {02EA681E-C7D8-13C7-8484-4AC65E1B71E8}
		{B6379C18-2895-410B-B320-196BF2964EFC} = {02EA681E-C7D8-13C7-8484-4AC65E1B71E8}
	EndGlobalSection
	GlobalSection(ExtensibilityGlobals) = postSolution
		SolutionGuid = {B343E7D8-A715-4A0E-8947-75994915DAC2}
	EndGlobalSection
EndGlobal
