
Microsoft Visual Studio Solution File, Format Version 12.00
# Visual Studio Version 17
VisualStudioVersion = 17.14.36623.8
MinimumVisualStudioVersion = 10.0.40219.1
Project("{FAE04EC0-301F-11D3-BF4B-00C04F79EFBC}") = "SteelkiltMonoGame", "SteelkiltMonoGame\SteelkiltMonoGame.csproj", "{F76D390B-1CA3-6D34-8409-0D0E464F0318}"
EndProject
Project("{FAE04EC0-301F-11D3-BF4B-00C04F79EFBC}") = "SteelkiltSharp", "..\..\Steelkilt\SteelkiltSharp.csproj", "{73054761-8310-97B9-8A60-A76C43F7D556}"
EndProject
Global
	GlobalSection(SolutionConfigurationPlatforms) = preSolution
		Debug|Any CPU = Debug|Any CPU
		Release|Any CPU = Release|Any CPU
	EndGlobalSection
	GlobalSection(ProjectConfigurationPlatforms) = postSolution
		{F76D390B-1CA3-6D34-8409-0D0E464F0318}.Debug|Any CPU.ActiveCfg = Debug|Any CPU
		{F76D390B-1CA3-6D34-8409-0D0E464F0318}.Debug|Any CPU.Build.0 = Debug|Any CPU
		{F76D390B-1CA3-6D34-8409-0D0E464F0318}.Release|Any CPU.ActiveCfg = Release|Any CPU
		{F76D390B-1CA3-6D34-8409-0D0E464F0318}.Release|Any CPU.Build.0 = Release|Any CPU
		{73054761-8310-97B9-8A60-A76C43F7D556}.Debug|Any CPU.ActiveCfg = Debug|Any CPU
		{73054761-8310-97B9-8A60-A76C43F7D556}.Debug|Any CPU.Build.0 = Debug|Any CPU
		{73054761-8310-97B9-8A60-A76C43F7D556}.Release|Any CPU.ActiveCfg = Release|Any CPU
		{73054761-8310-97B9-8A60-A76C43F7D556}.Release|Any CPU.Build.0 = Release|Any CPU
	EndGlobalSection
	GlobalSection(SolutionProperties) = preSolution
		HideSolutionNode = FALSE
	EndGlobalSection
	GlobalSection(ExtensibilityGlobals) = postSolution
		SolutionGuid = {198C281D-8EE5-403D-B47D-D0E07FBEF561}
	EndGlobalSection
EndGlobal
