
Microsoft Visual Studio Solution File, Format Version 12.00
# Visual Studio Version 17
VisualStudioVersion = 17.14.36623.8
MinimumVisualStudioVersion = 10.0.40219.1
Project("{FAE04EC0-301F-11D3-BF4B-00C04F79EFBC}") = "SteelkiltBlazor", "SteelkiltBlazor\SteelkiltBlazor.csproj", "{63D8426A-88C5-40F2-91B3-718EE15DEFD4}"
EndProject
Project("{FAE04EC0-301F-11D3-BF4B-00C04F79EFBC}") = "SteelkiltSharp", "..\..\Steelkilt\SteelkiltSharp.csproj", "{73054761-8310-97B9-8A60-A76C43F7D556}"
EndProject
Global
	GlobalSection(SolutionConfigurationPlatforms) = preSolution
		Debug|Any CPU = Debug|Any CPU
		Release|Any CPU = Release|Any CPU
	EndGlobalSection
	GlobalSection(ProjectConfigurationPlatforms) = postSolution
		{63D8426A-88C5-40F2-91B3-718EE15DEFD4}.Debug|Any CPU.ActiveCfg = Debug|Any CPU
		{63D8426A-88C5-40F2-91B3-718EE15DEFD4}.Debug|Any CPU.Build.0 = Debug|Any CPU
		{63D8426A-88C5-40F2-91B3-718EE15DEFD4}.Release|Any CPU.ActiveCfg = Release|Any CPU
		{63D8426A-88C5-40F2-91B3-718EE15DEFD4}.Release|Any CPU.Build.0 = Release|Any CPU
		{73054761-8310-97B9-8A60-A76C43F7D556}.Debug|Any CPU.ActiveCfg = Debug|Any CPU
		{73054761-8310-97B9-8A60-A76C43F7D556}.Debug|Any CPU.Build.0 = Debug|Any CPU
		{73054761-8310-97B9-8A60-A76C43F7D556}.Release|Any CPU.ActiveCfg = Release|Any CPU
		{73054761-8310-97B9-8A60-A76C43F7D556}.Release|Any CPU.Build.0 = Release|Any CPU
	EndGlobalSection
	GlobalSection(SolutionProperties) = preSolution
		HideSolutionNode = FALSE
	EndGlobalSection
	GlobalSection(ExtensibilityGlobals) = postSolution
		SolutionGuid = {15465C82-8156-4BAC-B205-26545BAE5597}
	EndGlobalSection
EndGlobal
